
Microsoft Visual Studio Solution File, Format Version 12.00
# Visual Studio Version 17
VisualStudioVersion = 17.5.2.0
MinimumVisualStudioVersion = 10.0.40219.1
Project("{2150E333-8FDC-42A3-9474-1A3956D46DE8}") = "src", "src", "{827E0CD3-B72D-47B6-A68D-7590B98EB39B}"
EndProject
Project("{FAE04EC0-301F-11D3-BF4B-00C04F79EFBC}") = "Parking.Api", "src\backend\Parking.Api.csproj", "{FB40021C-7D42-B432-F441-181645EC5834}"
EndProject
Project("{2150E333-8FDC-42A3-9474-1A3956D46DE8}") = "tests", "tests", "{0AB3BF05-4346-4AA6-1389-037BE0695223}"
EndProject
Project("{FAE04EC0-301F-11D3-BF4B-00C04F79EFBC}") = "Parking.Tests", "tests\Parking.Tests\Parking.Tests.csproj", "{A61E90DE-FDDD-45B6-BC67-2367B7EC1118}"
EndProject
Project("{2150E333-8FDC-42A3-9474-1A3956D46DE8}") = "backend", "backend", "{FE360695-3F2B-1049-3887-35FBB5135923}"
EndProject
Global
	GlobalSection(SolutionConfigurationPlatforms) = preSolution
		Debug|Any CPU = Debug|Any CPU
		Debug|x64 = Debug|x64
		Debug|x86 = Debug|x86
		Release|Any CPU = Release|Any CPU
		Release|x64 = Release|x64
		Release|x86 = Release|x86
	EndGlobalSection
	GlobalSection(ProjectConfigurationPlatforms) = postSolution
		{FB40021C-7D42-B432-F441-181645EC5834}.Debug|Any CPU.ActiveCfg = Debug|Any CPU
		{FB40021C-7D42-B432-F441-181645EC5834}.Debug|Any CPU.Build.0 = Debug|Any CPU
		{FB40021C-7D42-B432-F441-181645EC5834}.Debug|x64.ActiveCfg = Debug|Any CPU
		{FB40021C-7D42-B432-F441-181645EC5834}.Debug|x64.Build.0 = Debug|Any CPU
		{FB40021C-7D42-B432-F441-181645EC5834}.Debug|x86.ActiveCfg = Debug|Any CPU
		{FB40021C-7D42-B432-F441-181645EC5834}.Debug|x86.Build.0 = Debug|Any CPU
		{FB40021C-7D42-B432-F441-181645EC5834}.Release|Any CPU.ActiveCfg = Release|Any CPU
		{FB40021C-7D42-B432-F441-181645EC5834}.Release|Any CPU.Build.0 = Release|Any CPU
		{FB40021C-7D42-B432-F441-181645EC5834}.Release|x64.ActiveCfg = Release|Any CPU
		{FB40021C-7D42-B432-F441-181645EC5834}.Release|x64.Build.0 = Release|Any CPU
		{FB40021C-7D42-B432-F441-181645EC5834}.Release|x86.ActiveCfg = Release|Any CPU
		{FB40021C-7D42-B432-F441-181645EC5834}.Release|x86.Build.0 = Release|Any CPU
		{A61E90DE-FDDD-45B6-BC67-2367B7EC1118}.Debug|Any CPU.ActiveCfg = Debug|Any CPU
		{A61E90DE-FDDD-45B6-BC67-2367B7EC1118}.Debug|Any CPU.Build.0 = Debug|Any CPU
		{A61E90DE-FDDD-45B6-BC67-2367B7EC1118}.Debug|x64.ActiveCfg = Debug|Any CPU
		{A61E90DE-FDDD-45B6-BC67-2367B7EC1118}.Debug|x64.Build.0 = Debug|Any CPU
		{A61E90DE-FDDD-45B6-BC67-2367B7EC1118}.Debug|x86.ActiveCfg = Debug|Any CPU
		{A61E90DE-FDDD-45B6-BC67-2367B7EC1118}.Debug|x86.Build.0 = Debug|Any CPU
		{A61E90DE-FDDD-45B6-BC67-2367B7EC1118}.Release|Any CPU.ActiveCfg = Release|Any CPU
		{A61E90DE-FDDD-45B6-BC67-2367B7EC1118}.Release|Any CPU.Build.0 = Release|Any CPU
		{A61E90DE-FDDD-45B6-BC67-2367B7EC1118}.Release|x64.ActiveCfg = Release|Any CPU
		{A61E90DE-FDDD-45B6-BC67-2367B7EC1118}.Release|x64.Build.0 = Release|Any CPU
		{A61E90DE-FDDD-45B6-BC67-2367B7EC1118}.Release|x86.ActiveCfg = Release|Any CPU
		{A61E90DE-FDDD-45B6-BC67-2367B7EC1118}.Release|x86.Build.0 = Release|Any CPU
	EndGlobalSection
	GlobalSection(SolutionProperties) = preSolution
		HideSolutionNode = FALSE
	EndGlobalSection
	GlobalSection(NestedProjects) = preSolution
		{FB40021C-7D42-B432-F441-181645EC5834} = {827E0CD3-B72D-47B6-A68D-7590B98EB39B}
		{A61E90DE-FDDD-45B6-BC67-2367B7EC1118} = {0AB3BF05-4346-4AA6-1389-037BE0695223}
		{FE360695-3F2B-1049-3887-35FBB5135923} = {827E0CD3-B72D-47B6-A68D-7590B98EB39B}
	EndGlobalSection
	GlobalSection(ExtensibilityGlobals) = postSolution
		SolutionGuid = {B3024411-7F5B-4FF9-86F4-3160F819C434}
	EndGlobalSection
EndGlobal
